
Microsoft Visual Studio Solution File, Format Version 12.00
# Visual Studio Version 17
VisualStudioVersion = 17.14.36603.0 d17.14
MinimumVisualStudioVersion = 10.0.40219.1
Project("{FAE04EC0-301F-11D3-BF4B-00C04F79EFBC}") = "Api3_Blog", "Api3_Blog\Api3_Blog.csproj", "{009AB6AA-7573-4B5E-87B5-B6BD5F3267D9}"
EndProject
Global
	GlobalSection(SolutionConfigurationPlatforms) = preSolution
		Debug|Any CPU = Debug|Any CPU
		Release|Any CPU = Release|Any CPU
	EndGlobalSection
	GlobalSection(ProjectConfigurationPlatforms) = postSolution
		{009AB6AA-7573-4B5E-87B5-B6BD5F3267D9}.Debug|Any CPU.ActiveCfg = Debug|Any CPU
		{009AB6AA-7573-4B5E-87B5-B6BD5F3267D9}.Debug|Any CPU.Build.0 = Debug|Any CPU
		{009AB6AA-7573-4B5E-87B5-B6BD5F3267D9}.Release|Any CPU.ActiveCfg = Release|Any CPU
		{009AB6AA-7573-4B5E-87B5-B6BD5F3267D9}.Release|Any CPU.Build.0 = Release|Any CPU
	EndGlobalSection
	GlobalSection(SolutionProperties) = preSolution
		HideSolutionNode = FALSE
	EndGlobalSection
	GlobalSection(ExtensibilityGlobals) = postSolution
		SolutionGuid = {02C36764-7F55-4270-8E0F-2BA0157592E9}
	EndGlobalSection
EndGlobal
